
Microsoft Visual Studio Solution File, Format Version 12.00
# Visual Studio Version 17
VisualStudioVersion = 17.8.34316.72
MinimumVisualStudioVersion = 10.0.40219.1
Project("{9A19103F-16F7-4668-BE54-9A1E7A4F7556}") = "VisualizadorDeSinais", "VisualizadorDeSinais.csproj", "{CE555503-7BC2-46FF-A5AB-970A78141333}"
EndProject
Project("{9A19103F-16F7-4668-BE54-9A1E7A4F7556}") = "VisualizadorDeSinais.Desktop", "..\VisualizadorDeSinais.Desktop\VisualizadorDeSinais.Desktop.csproj", "{4BF2A0AE-9576-4D52-B39D-CBCD868D86CD}"
EndProject
Project("{9A19103F-16F7-4668-BE54-9A1E7A4F7556}") = "VisualizadorDeSinais.Browser", "..\VisualizadorDeSinais.Browser\VisualizadorDeSinais.Browser.csproj", "{D10E9630-9CAC-4295-B9BD-0B4BBF740C98}"
EndProject
Global
	GlobalSection(SolutionConfigurationPlatforms) = preSolution
		Debug|Any CPU = Debug|Any CPU
		Release|Any CPU = Release|Any CPU
	EndGlobalSection
	GlobalSection(ProjectConfigurationPlatforms) = postSolution
		{CE555503-7BC2-46FF-A5AB-970A78141333}.Debug|Any CPU.ActiveCfg = Debug|Any CPU
		{CE555503-7BC2-46FF-A5AB-970A78141333}.Debug|Any CPU.Build.0 = Debug|Any CPU
		{CE555503-7BC2-46FF-A5AB-970A78141333}.Release|Any CPU.ActiveCfg = Release|Any CPU
		{CE555503-7BC2-46FF-A5AB-970A78141333}.Release|Any CPU.Build.0 = Release|Any CPU
		{4BF2A0AE-9576-4D52-B39D-CBCD868D86CD}.Debug|Any CPU.ActiveCfg = Debug|Any CPU
		{4BF2A0AE-9576-4D52-B39D-CBCD868D86CD}.Debug|Any CPU.Build.0 = Debug|Any CPU
		{4BF2A0AE-9576-4D52-B39D-CBCD868D86CD}.Release|Any CPU.ActiveCfg = Release|Any CPU
		{4BF2A0AE-9576-4D52-B39D-CBCD868D86CD}.Release|Any CPU.Build.0 = Release|Any CPU
		{D10E9630-9CAC-4295-B9BD-0B4BBF740C98}.Debug|Any CPU.ActiveCfg = Debug|Any CPU
		{D10E9630-9CAC-4295-B9BD-0B4BBF740C98}.Debug|Any CPU.Build.0 = Debug|Any CPU
		{D10E9630-9CAC-4295-B9BD-0B4BBF740C98}.Release|Any CPU.ActiveCfg = Release|Any CPU
		{D10E9630-9CAC-4295-B9BD-0B4BBF740C98}.Release|Any CPU.Build.0 = Release|Any CPU
	EndGlobalSection
	GlobalSection(SolutionProperties) = preSolution
		HideSolutionNode = FALSE
	EndGlobalSection
	GlobalSection(ExtensibilityGlobals) = postSolution
		SolutionGuid = {15728EE5-90BE-4D43-B300-3BF93EDC1C21}
	EndGlobalSection
EndGlobal
